PODS:
  - Alamofire (4.7.3)
  - Eureka (4.3.1)
  - Kanna (4.0.2)
  - SwiftyJSON (4.2.0)

DEPENDENCIES:
  - Alamofire (~> 4.7.3)
  - Eureka (~> 4.3.1)
  - Kanna (~> 4.0.0)
  - SwiftyJSON (~> 4.0)

SPEC REPOS:
  https://github.com/cocoapods/specs.git:
    - Alamofire
    - Eureka
    - Kanna
    - SwiftyJSON

SPEC CHECKSUMS:
  Alamofire: c7287b6e5d7da964a70935e5db17046b7fde6568
  Eureka: 28ea296f06710f6745266b71f17862048941a32d
  Kanna: c60b61d72554bf04ed1ee074f9b379855cab4892
  SwiftyJSON: c4bcba26dd9ec7a027fc8eade48e2c911f229e96

PODFILE CHECKSUM: bc61cb62149468c6d1bb7c76785147988fd55672

COCOAPODS: 1.6.0.beta.2
