PODS:
  - Alamofire (4.7.3)
  - Eureka (5.0.0)
  - SwiftyJSON (4.3.0)

DEPENDENCIES:
  - Alamofire (~> 4.7.3)
  - Eureka (~> 5.0.0)
  - SwiftyJSON (~> 4.0)

SPEC REPOS:
  https://github.com/cocoapods/specs.git:
    - Alamofire
    - Eureka
    - SwiftyJSON

SPEC CHECKSUMS:
  Alamofire: c7287b6e5d7da964a70935e5db17046b7fde6568
  Eureka: 0f64f477ec8ef6201c6fec143d60ff5c201cf654
  SwiftyJSON: 6faa0040f8b59dead0ee07436cbf76b73c08fd08

PODFILE CHECKSUM: 33613455a068a8d7f87311f0f9348712e20bd26d

COCOAPODS: 1.6.0.beta.2
